// !$*UTF8*$!
{
	"archiveVersion" = "1";
	"classes" = {
	};
	"objectVersion" = "56";
	"objects" = {
        "F0A000000000000000000001" = { "isa" = "PBXFileReference"; "lastKnownFileType" = "text"; "path" = "DigDuck/ThirdPartyNotices.txt"; "sourceTree" = "<group>"; };
        "F0A000000000000000000002" = { "isa" = "PBXBuildFile"; "fileRef" = "F0A000000000000000000001"; };
		"AEB46888A61974C6283939DD" = {
			"isa" = "PBXFileReference";
			"lastKnownFileType" = "sourcecode.swift";
			"path" = "DigDuckApp.swift";
			"sourceTree" = "<group>";
		};
		"2F0D2DCEECF2060ABE8FD582" = {
			"isa" = "PBXBuildFile";
			"fileRef" = "AEB46888A61974C6283939DD";
		};
		"7508EF28938C079BDC9AE35F" = {
			"isa" = "PBXFileReference";
			"lastKnownFileType" = "sourcecode.swift";
			"path" = "AppDelegate.swift";
			"sourceTree" = "<group>";
		};
		"AA356A1751AD47DF61867958" = {
			"isa" = "PBXBuildFile";
			"fileRef" = "7508EF28938C079BDC9AE35F";
		};
		"95E5CB7F72B2A440C776602A" = {
			"isa" = "PBXFileReference";
			"lastKnownFileType" = "sourcecode.swift";
			"path" = "SaveAccess.swift";
			"sourceTree" = "<group>";
		};
		"11933B63EB50385764F5540F" = {
			"isa" = "PBXBuildFile";
			"fileRef" = "95E5CB7F72B2A440C776602A";
		};
		"2969DAE74F6EDEC4D7567A64" = {
			"isa" = "PBXFileReference";
			"lastKnownFileType" = "sourcecode.swift";
			"path" = "SaveReader.swift";
			"sourceTree" = "<group>";
		};
		"9CE9A316892F8D524C861B7F" = {
			"isa" = "PBXBuildFile";
			"fileRef" = "2969DAE74F6EDEC4D7567A64";
		};
		"7B594B6DB375E1BF3F23CDD6" = {
			"isa" = "PBXFileReference";
			"lastKnownFileType" = "text.plist.xml";
			"path" = "Info.plist";
			"sourceTree" = "<group>";
		};
		"00CE9E6DD569E4EACD9AC391" = {
			"isa" = "PBXFileReference";
			"lastKnownFileType" = "text.plist.entitlements";
			"path" = "DigDuck.entitlements";
			"sourceTree" = "<group>";
		};
		"26B2A637F7DC4079D5AB78A5" = {
			"isa" = "PBXFileReference";
			"lastKnownFileType" = "text.xml";
			"path" = "PrivacyInfo.xcprivacy";
			"sourceTree" = "<group>";
		};
		"5F832F86731F94917F556259" = {
			"isa" = "PBXBuildFile";
			"fileRef" = "26B2A637F7DC4079D5AB78A5";
		};
		"560737C72BC60145ADB91F3E" = {
			"isa" = "PBXFileReference";
			"lastKnownFileType" = "image.icns";
			"path" = "AppIcon.icns";
			"sourceTree" = "<group>";
		};
		"2404D530A5520926AF16FEFF" = {
			"isa" = "PBXBuildFile";
			"fileRef" = "560737C72BC60145ADB91F3E";
		};
		"CA84D1343B96BAA8137C943E" = {
			"isa" = "PBXFileReference";
			"lastKnownFileType" = "folder";
			"path" = "Generated/Web";
			"sourceTree" = "<group>";
		};
		"DBE3AEC311330422C8636840" = {
			"isa" = "PBXBuildFile";
			"fileRef" = "CA84D1343B96BAA8137C943E";
		};
		"500A096B8A0044C96F4B0E55" = {
			"isa" = "PBXGroup";
			"children" = (
				"AEB46888A61974C6283939DD",
				"7508EF28938C079BDC9AE35F",
				"95E5CB7F72B2A440C776602A",
				"2969DAE74F6EDEC4D7567A64",
				"7B594B6DB375E1BF3F23CDD6",
				"00CE9E6DD569E4EACD9AC391",
				"26B2A637F7DC4079D5AB78A5",
				"560737C72BC60145ADB91F3E",
			);
			"path" = "DigDuck";
			"sourceTree" = "<group>";
		};
		"38A007151ABE87CC01A5B6E9" = {
			"isa" = "PBXFileReference";
			"explicitFileType" = "wrapper.application";
			"includeInIndex" = "0";
			"path" = "Dig Duck.app";
			"sourceTree" = "BUILT_PRODUCTS_DIR";
		};
		"FBDC4F23F93125BBEEAE800C" = {
			"isa" = "PBXGroup";
			"children" = (
				"38A007151ABE87CC01A5B6E9",
			);
			"name" = "Products";
			"sourceTree" = "<group>";
		};
		"7FEFA489E25E19BEF8A8A2A9" = {
			"isa" = "PBXGroup";
			"children" = (
                "F0A000000000000000000001",
				"500A096B8A0044C96F4B0E55",
				"CA84D1343B96BAA8137C943E",
				"FBDC4F23F93125BBEEAE800C",
			);
			"sourceTree" = "<group>";
		};
		"1CE6DC2571680BAD24FA2D71" = {
			"isa" = "PBXSourcesBuildPhase";
			"buildActionMask" = "2147483647";
			"files" = (
				"2F0D2DCEECF2060ABE8FD582",
				"AA356A1751AD47DF61867958",
				"11933B63EB50385764F5540F",
				"9CE9A316892F8D524C861B7F",
			);
			"runOnlyForDeploymentPostprocessing" = "0";
		};
		"7805F7FC904F49F676E90BFE" = {
			"isa" = "PBXFrameworksBuildPhase";
			"buildActionMask" = "2147483647";
			"files" = (
			);
			"runOnlyForDeploymentPostprocessing" = "0";
		};
		"7C9581047372A5681A4931A9" = {
			"isa" = "PBXResourcesBuildPhase";
			"buildActionMask" = "2147483647";
			"files" = (
                "F0A000000000000000000002",
				"5F832F86731F94917F556259",
				"2404D530A5520926AF16FEFF",
				"DBE3AEC311330422C8636840",
			);
			"runOnlyForDeploymentPostprocessing" = "0";
		};
		"89E1FD6268CC0F221A2BE178" = {
			"isa" = "XCBuildConfiguration";
			"buildSettings" = {
				"SDKROOT" = "macosx";
				"MACOSX_DEPLOYMENT_TARGET" = "13.0";
				"SWIFT_VERSION" = "5.0";
				"CLANG_ENABLE_MODULES" = "YES";
				"DEBUG_INFORMATION_FORMAT" = "dwarf";
				"SWIFT_OPTIMIZATION_LEVEL" = "-Onone";
				"ONLY_ACTIVE_ARCH" = "YES";
			};
			"name" = "Debug";
		};
		"E6DE6C99132752C914FEF632" = {
			"isa" = "XCBuildConfiguration";
			"buildSettings" = {
				"SDKROOT" = "macosx";
				"MACOSX_DEPLOYMENT_TARGET" = "13.0";
				"SWIFT_VERSION" = "5.0";
				"CLANG_ENABLE_MODULES" = "YES";
				"DEBUG_INFORMATION_FORMAT" = "dwarf-with-dsym";
				"SWIFT_OPTIMIZATION_LEVEL" = "-O";
				"ONLY_ACTIVE_ARCH" = "NO";
			};
			"name" = "Release";
		};
		"FA52021448A4AC7DE6CD200E" = {
			"isa" = "XCConfigurationList";
			"buildConfigurations" = (
				"89E1FD6268CC0F221A2BE178",
				"E6DE6C99132752C914FEF632",
			);
			"defaultConfigurationIsVisible" = "0";
			"defaultConfigurationName" = "Release";
		};
		"7082CC0B6FC1282FCEABD07A" = {
			"isa" = "XCBuildConfiguration";
			"buildSettings" = {
				"SDKROOT" = "macosx";
				"MACOSX_DEPLOYMENT_TARGET" = "13.0";
				"SWIFT_VERSION" = "5.0";
				"CLANG_ENABLE_MODULES" = "YES";
				"DEBUG_INFORMATION_FORMAT" = "dwarf";
				"SWIFT_OPTIMIZATION_LEVEL" = "-Onone";
				"ONLY_ACTIVE_ARCH" = "YES";
				"PRODUCT_NAME" = "Dig Duck";
				"EXECUTABLE_NAME" = "DigDuck";
				"PRODUCT_BUNDLE_IDENTIFIER" = "com.digduck.app";
				"INFOPLIST_FILE" = "DigDuck/Info.plist";
				"CODE_SIGN_ENTITLEMENTS" = "DigDuck/DigDuck.entitlements";
				"CODE_SIGN_STYLE" = "Automatic";
				"DEVELOPMENT_TEAM" = "UQK4H983JN";
				"ENABLE_HARDENED_RUNTIME" = "YES";
				"ENABLE_APP_SANDBOX" = "YES";
				"GENERATE_INFOPLIST_FILE" = "NO";
				"LD_RUNPATH_SEARCH_PATHS" = (
					"$(inherited)",
					"@executable_path/../Frameworks",
				);
				"COMBINE_HIDPI_IMAGES" = "YES";
			};
			"name" = "Debug";
		};
		"639A7CA24D39909E713B47F7" = {
			"isa" = "XCBuildConfiguration";
			"buildSettings" = {
				"SDKROOT" = "macosx";
				"MACOSX_DEPLOYMENT_TARGET" = "13.0";
				"SWIFT_VERSION" = "5.0";
				"CLANG_ENABLE_MODULES" = "YES";
				"DEBUG_INFORMATION_FORMAT" = "dwarf-with-dsym";
				"SWIFT_OPTIMIZATION_LEVEL" = "-O";
				"ONLY_ACTIVE_ARCH" = "NO";
				"PRODUCT_NAME" = "Dig Duck";
				"EXECUTABLE_NAME" = "DigDuck";
				"PRODUCT_BUNDLE_IDENTIFIER" = "com.digduck.app";
				"INFOPLIST_FILE" = "DigDuck/Info.plist";
				"CODE_SIGN_ENTITLEMENTS" = "DigDuck/DigDuck.entitlements";
				"CODE_SIGN_STYLE" = "Automatic";
				"DEVELOPMENT_TEAM" = "UQK4H983JN";
				"ENABLE_HARDENED_RUNTIME" = "YES";
				"ENABLE_APP_SANDBOX" = "YES";
				"GENERATE_INFOPLIST_FILE" = "NO";
				"LD_RUNPATH_SEARCH_PATHS" = (
					"$(inherited)",
					"@executable_path/../Frameworks",
				);
				"COMBINE_HIDPI_IMAGES" = "YES";
			};
			"name" = "Release";
		};
		"20BA35986C8D108192A74E6F" = {
			"isa" = "XCConfigurationList";
			"buildConfigurations" = (
				"7082CC0B6FC1282FCEABD07A",
				"639A7CA24D39909E713B47F7",
			);
			"defaultConfigurationIsVisible" = "0";
			"defaultConfigurationName" = "Release";
		};
		"0E8A3AD980EC179856012B7E" = {
			"isa" = "PBXNativeTarget";
			"buildConfigurationList" = "20BA35986C8D108192A74E6F";
			"buildPhases" = (
				"1CE6DC2571680BAD24FA2D71",
				"7805F7FC904F49F676E90BFE",
				"7C9581047372A5681A4931A9",
			);
			"buildRules" = (
			);
			"dependencies" = (
			);
			"name" = "DigDuck";
			"productName" = "Dig Duck";
			"productReference" = "38A007151ABE87CC01A5B6E9";
			"productType" = "com.apple.product-type.application";
		};
		"98F54143AB4E86B28C3AFEE0" = {
			"isa" = "PBXProject";
			"attributes" = {
				"LastUpgradeCheck" = "2600";
				"TargetAttributes" = {
					"0E8A3AD980EC179856012B7E" = {
						"CreatedOnToolsVersion" = "26.0";
						"DevelopmentTeam" = "UQK4H983JN";
						"ProvisioningStyle" = "Automatic";
					};
				};
			};
			"buildConfigurationList" = "FA52021448A4AC7DE6CD200E";
			"compatibilityVersion" = "Xcode 14.0";
			"developmentRegion" = "en";
			"hasScannedForEncodings" = "0";
			"knownRegions" = (
				"en",
				"Base",
			);
			"mainGroup" = "7FEFA489E25E19BEF8A8A2A9";
			"productRefGroup" = "FBDC4F23F93125BBEEAE800C";
			"projectDirPath" = "";
			"projectRoot" = "";
			"targets" = (
				"0E8A3AD980EC179856012B7E",
			);
		};
	};
	"rootObject" = "98F54143AB4E86B28C3AFEE0";
}
